// !$*UTF8*$!
{
	archiveVersion = 1;
	classes = {
	};
	objectVersion = 56;
	objects = {

/* Begin PBXBuildFile section */
		FA99B4F7290BE4C900E09440 /* QuadTree.swift in Sources */ = {isa = PBXBuildFile; fileRef = FA99B4F1290BE4C900E09440 /* QuadTree.swift */; };
		FA99B4F8290BE4C900E09440 /* Extensions.swift in Sources */ = {isa = PBXBuildFile; fileRef = FA99B4F2290BE4C900E09440 /* Extensions.swift */; };
		FA99B4FA290BE4C900E09440 /* AnnotationView.swift in Sources */ = {isa = PBXBuildFile; fileRef = FA99B4F4290BE4C900E09440 /* AnnotationView.swift */; };
		FA99B4FB290BE4C900E09440 /* Cluster.swift in Sources */ = {isa = PBXBuildFile; fileRef = FA99B4F5290BE4C900E09440 /* Cluster.swift */; };
		FA99B4FC290BE4C900E09440 /* Annotation.swift in Sources */ = {isa = PBXBuildFile; fileRef = FA99B4F6290BE4C900E09440 /* Annotation.swift */; };
		FA99B50C290BE97D00E09440 /* test_data.json in Resources */ = {isa = PBXBuildFile; fileRef = FA99B50B290BE97D00E09440 /* test_data.json */; };
		FA99B50F290C025200E09440 /* DescriptionViewController.swift in Sources */ = {isa = PBXBuildFile; fileRef = FA99B50E290C025200E09440 /* DescriptionViewController.swift */; };
		FA99B511290C02BD00E09440 /* Description.storyboard in Resources */ = {isa = PBXBuildFile; fileRef = FA99B510290C02BD00E09440 /* Description.storyboard */; };
		FAA5DEE12A4CB97D00CD5608 /* AudioRecorderService.swift in Sources */ = {isa = PBXBuildFile; fileRef = FAA5DEE02A4CB97D00CD5608 /* AudioRecorderService.swift */; };
		FAB7C8D1290ADA7700969E11 /* AppDelegate.swift in Sources */ = {isa = PBXBuildFile; fileRef = FAB7C8D0290ADA7700969E11 /* AppDelegate.swift */; };
		FAB7C8D3290ADA7700969E11 /* SceneDelegate.swift in Sources */ = {isa = PBXBuildFile; fileRef = FAB7C8D2290ADA7700969E11 /* SceneDelegate.swift */; };
		FAB7C8D5290ADA7700969E11 /* ViewController.swift in Sources */ = {isa = PBXBuildFile; fileRef = FAB7C8D4290ADA7700969E11 /* ViewController.swift */; };
		FAB7C8D8290ADA7700969E11 /* Main.storyboard in Resources */ = {isa = PBXBuildFile; fileRef = FAB7C8D6290ADA7700969E11 /* Main.storyboard */; };
		FAB7C8DA290ADA7A00969E11 /* Assets.xcassets in Resources */ = {isa = PBXBuildFile; fileRef = FAB7C8D9290ADA7A00969E11 /* Assets.xcassets */; };
		FAB7C8DD290ADA7A00969E11 /* LaunchScreen.storyboard in Resources */ = {isa = PBXBuildFile; fileRef = FAB7C8DB290ADA7A00969E11 /* LaunchScreen.storyboard */; };
		FAB7C8EB290BD51000969E11 /* Lightning.swift in Sources */ = {isa = PBXBuildFile; fileRef = FAB7C8EA290BD51000969E11 /* Lightning.swift */; };
		FAB7C8F0290BD63700969E11 /* CustomUserDefaults.swift in Sources */ = {isa = PBXBuildFile; fileRef = FAB7C8EE290BD63700969E11 /* CustomUserDefaults.swift */; };
		FAB7C8F1290BD63700969E11 /* CustomUserDefaults+UserDefaultsKey.swift in Sources */ = {isa = PBXBuildFile; fileRef = FAB7C8EF290BD63700969E11 /* CustomUserDefaults+UserDefaultsKey.swift */; };
/* End PBXBuildFile section */

/* Begin PBXFileReference section */
		FA99B4F1290BE4C900E09440 /* QuadTree.swift */ = {isa = PBXFileReference; fileEncoding = 4; lastKnownFileType = sourcecode.swift; path = QuadTree.swift; sourceTree = "<group>"; };
		FA99B4F2290BE4C900E09440 /* Extensions.swift */ = {isa = PBXFileReference; fileEncoding = 4; lastKnownFileType = sourcecode.swift; path = Extensions.swift; sourceTree = "<group>"; };
		FA99B4F4290BE4C900E09440 /* AnnotationView.swift */ = {isa = PBXFileReference; fileEncoding = 4; lastKnownFileType = sourcecode.swift; path = AnnotationView.swift; sourceTree = "<group>"; };
		FA99B4F5290BE4C900E09440 /* Cluster.swift */ = {isa = PBXFileReference; fileEncoding = 4; lastKnownFileType = sourcecode.swift; path = Cluster.swift; sourceTree = "<group>"; };
		FA99B4F6290BE4C900E09440 /* Annotation.swift */ = {isa = PBXFileReference; fileEncoding = 4; lastKnownFileType = sourcecode.swift; path = Annotation.swift; sourceTree = "<group>"; };
		FA99B50B290BE97D00E09440 /* test_data.json */ = {isa = PBXFileReference; fileEncoding = 4; lastKnownFileType = text.json; path = test_data.json; sourceTree = "<group>"; };
		FA99B50E290C025200E09440 /* DescriptionViewController.swift */ = {isa = PBXFileReference; lastKnownFileType = sourcecode.swift; path = DescriptionViewController.swift; sourceTree = "<group>"; };
		FA99B510290C02BD00E09440 /* Description.storyboard */ = {isa = PBXFileReference; lastKnownFileType = file.storyboard; path = Description.storyboard; sourceTree = "<group>"; };
		FAA5DEE02A4CB97D00CD5608 /* AudioRecorderService.swift */ = {isa = PBXFileReference; lastKnownFileType = sourcecode.swift; path = AudioRecorderService.swift; sourceTree = "<group>"; };
		FAB7C8CD290ADA7700969E11 /* FinalDEVChallenge2022.app */ = {isa = PBXFileReference; explicitFileType = wrapper.application; includeInIndex = 0; path = FinalDEVChallenge2022.app; sourceTree = BUILT_PRODUCTS_DIR; };
		FAB7C8D0290ADA7700969E11 /* AppDelegate.swift */ = {isa = PBXFileReference; lastKnownFileType = sourcecode.swift; path = AppDelegate.swift; sourceTree = "<group>"; };
		FAB7C8D2290ADA7700969E11 /* SceneDelegate.swift */ = {isa = PBXFileReference; lastKnownFileType = sourcecode.swift; path = SceneDelegate.swift; sourceTree = "<group>"; };
		FAB7C8D4290ADA7700969E11 /* ViewController.swift */ = {isa = PBXFileReference; lastKnownFileType = sourcecode.swift; path = ViewController.swift; sourceTree = "<group>"; };
		FAB7C8D7290ADA7700969E11 /* Base */ = {isa = PBXFileReference; lastKnownFileType = file.storyboard; name = Base; path = Base.lproj/Main.storyboard; sourceTree = "<group>"; };
		FAB7C8D9290ADA7A00969E11 /* Assets.xcassets */ = {isa = PBXFileReference; lastKnownFileType = folder.assetcatalog; path = Assets.xcassets; sourceTree = "<group>"; };
		FAB7C8DC290ADA7A00969E11 /* Base */ = {isa = PBXFileReference; lastKnownFileType = file.storyboard; name = Base; path = Base.lproj/LaunchScreen.storyboard; sourceTree = "<group>"; };
		FAB7C8DE290ADA7A00969E11 /* Info.plist */ = {isa = PBXFileReference; lastKnownFileType = text.plist.xml; path = Info.plist; sourceTree = "<group>"; };
		FAB7C8EA290BD51000969E11 /* Lightning.swift */ = {isa = PBXFileReference; lastKnownFileType = sourcecode.swift; path = Lightning.swift; sourceTree = "<group>"; };
		FAB7C8EE290BD63700969E11 /* CustomUserDefaults.swift */ = {isa = PBXFileReference; fileEncoding = 4; lastKnownFileType = sourcecode.swift; path = CustomUserDefaults.swift; sourceTree = "<group>"; };
		FAB7C8EF290BD63700969E11 /* CustomUserDefaults+UserDefaultsKey.swift */ = {isa = PBXFileReference; fileEncoding = 4; lastKnownFileType = sourcecode.swift; path = "CustomUserDefaults+UserDefaultsKey.swift"; sourceTree = "<group>"; };
/* End PBXFileReference section */

/* Begin PBXFrameworksBuildPhase section */
		FAB7C8CA290ADA7700969E11 /* Frameworks */ = {
			isa = PBXFrameworksBuildPhase;
			buildActionMask = 2147483647;
			files = (
			);
			runOnlyForDeploymentPostprocessing = 0;
		};
/* End PBXFrameworksBuildPhase section */

/* Begin PBXGroup section */
		FA99B4F0290BE4C900E09440 /* Claster */ = {
			isa = PBXGroup;
			children = (
				FA99B4F1290BE4C900E09440 /* QuadTree.swift */,
				FA99B4F2290BE4C900E09440 /* Extensions.swift */,
				FA99B4F4290BE4C900E09440 /* AnnotationView.swift */,
				FA99B4F5290BE4C900E09440 /* Cluster.swift */,
				FA99B4F6290BE4C900E09440 /* Annotation.swift */,
			);
			path = Claster;
			sourceTree = "<group>";
		};
		FA99B509290BE96600E09440 /* Resourse */ = {
			isa = PBXGroup;
			children = (
				FA99B50A290BE97D00E09440 /* Resourse */,
			);
			path = Resourse;
			sourceTree = "<group>";
		};
		FA99B50A290BE97D00E09440 /* Resourse */ = {
			isa = PBXGroup;
			children = (
				FA99B50B290BE97D00E09440 /* test_data.json */,
			);
			name = Resourse;
			sourceTree = "<group>";
		};
		FA99B50D290C023000E09440 /* DescriptionViewController */ = {
			isa = PBXGroup;
			children = (
				FA99B50E290C025200E09440 /* DescriptionViewController.swift */,
				FA99B510290C02BD00E09440 /* Description.storyboard */,
			);
			path = DescriptionViewController;
			sourceTree = "<group>";
		};
		FAA5DEDE2A4CB95D00CD5608 /* Services */ = {
			isa = PBXGroup;
			children = (
				FAA5DEDF2A4CB96500CD5608 /* AudioRecorder */,
			);
			path = Services;
			sourceTree = "<group>";
		};
		FAA5DEDF2A4CB96500CD5608 /* AudioRecorder */ = {
			isa = PBXGroup;
			children = (
				FAA5DEE02A4CB97D00CD5608 /* AudioRecorderService.swift */,
			);
			path = AudioRecorder;
			sourceTree = "<group>";
		};
		FAB7C8C4290ADA7700969E11 = {
			isa = PBXGroup;
			children = (
				FAB7C8CF290ADA7700969E11 /* FinalDEVChallenge2022 */,
				FAB7C8CE290ADA7700969E11 /* Products */,
			);
			sourceTree = "<group>";
		};
		FAB7C8CE290ADA7700969E11 /* Products */ = {
			isa = PBXGroup;
			children = (
				FAB7C8CD290ADA7700969E11 /* FinalDEVChallenge2022.app */,
			);
			name = Products;
			sourceTree = "<group>";
		};
		FAB7C8CF290ADA7700969E11 /* FinalDEVChallenge2022 */ = {
			isa = PBXGroup;
			children = (
				FAA5DEDE2A4CB95D00CD5608 /* Services */,
				FAB7C8E8290ADAE900969E11 /* Controller */,
				FAB7C8E7290ADADC00969E11 /* Model */,
				FAB7C8EC290BD60D00969E11 /* Helpers */,
				FA99B509290BE96600E09440 /* Resourse */,
				FAB7C8D0290ADA7700969E11 /* AppDelegate.swift */,
				FAB7C8D2290ADA7700969E11 /* SceneDelegate.swift */,
				FAB7C8D9290ADA7A00969E11 /* Assets.xcassets */,
				FAB7C8DB290ADA7A00969E11 /* LaunchScreen.storyboard */,
				FAB7C8DE290ADA7A00969E11 /* Info.plist */,
			);
			path = FinalDEVChallenge2022;
			sourceTree = "<group>";
		};
		FAB7C8E7290ADADC00969E11 /* Model */ = {
			isa = PBXGroup;
			children = (
				FAB7C8EA290BD51000969E11 /* Lightning.swift */,
			);
			path = Model;
			sourceTree = "<group>";
		};
		FAB7C8E8290ADAE900969E11 /* Controller */ = {
			isa = PBXGroup;
			children = (
				FA99B50D290C023000E09440 /* DescriptionViewController */,
				FAB7C8D4290ADA7700969E11 /* ViewController.swift */,
				FAB7C8D6290ADA7700969E11 /* Main.storyboard */,
			);
			path = Controller;
			sourceTree = "<group>";
		};
		FAB7C8EC290BD60D00969E11 /* Helpers */ = {
			isa = PBXGroup;
			children = (
				FA99B4F0290BE4C900E09440 /* Claster */,
				FAB7C8ED290BD63700969E11 /* CustomUserDefaults */,
			);
			path = Helpers;
			sourceTree = "<group>";
		};
		FAB7C8ED290BD63700969E11 /* CustomUserDefaults */ = {
			isa = PBXGroup;
			children = (
				FAB7C8EE290BD63700969E11 /* CustomUserDefaults.swift */,
				FAB7C8EF290BD63700969E11 /* CustomUserDefaults+UserDefaultsKey.swift */,
			);
			path = CustomUserDefaults;
			sourceTree = "<group>";
		};
/* End PBXGroup section */

/* Begin PBXNativeTarget section */
		FAB7C8CC290ADA7700969E11 /* FinalDEVChallenge2022 */ = {
			isa = PBXNativeTarget;
			buildConfigurationList = FAB7C8E1290ADA7A00969E11 /* Build configuration list for PBXNativeTarget "FinalDEVChallenge2022" */;
			buildPhases = (
				FAB7C8C9290ADA7700969E11 /* Sources */,
				FAB7C8CA290ADA7700969E11 /* Frameworks */,
				FAB7C8CB290ADA7700969E11 /* Resources */,
			);
			buildRules = (
			);
			dependencies = (
			);
			name = FinalDEVChallenge2022;
			productName = FinalDEVChallenge2022;
			productReference = FAB7C8CD290ADA7700969E11 /* FinalDEVChallenge2022.app */;
			productType = "com.apple.product-type.application";
		};
/* End PBXNativeTarget section */

/* Begin PBXProject section */
		FAB7C8C5290ADA7700969E11 /* Project object */ = {
			isa = PBXProject;
			attributes = {
				BuildIndependentTargetsInParallel = 1;
				LastSwiftUpdateCheck = 1400;
				LastUpgradeCheck = 1400;
				TargetAttributes = {
					FAB7C8CC290ADA7700969E11 = {
						CreatedOnToolsVersion = 14.0.1;
					};
				};
			};
			buildConfigurationList = FAB7C8C8290ADA7700969E11 /* Build configuration list for PBXProject "FinalDEVChallenge2022" */;
			compatibilityVersion = "Xcode 14.0";
			developmentRegion = en;
			hasScannedForEncodings = 0;
			knownRegions = (
				en,
				Base,
			);
			mainGroup = FAB7C8C4290ADA7700969E11;
			productRefGroup = FAB7C8CE290ADA7700969E11 /* Products */;
			projectDirPath = "";
			projectRoot = "";
			targets = (
				FAB7C8CC290ADA7700969E11 /* FinalDEVChallenge2022 */,
			);
		};
/* End PBXProject section */

/* Begin PBXResourcesBuildPhase section */
		FAB7C8CB290ADA7700969E11 /* Resources */ = {
			isa = PBXResourcesBuildPhase;
			buildActionMask = 2147483647;
			files = (
				FAB7C8DD290ADA7A00969E11 /* LaunchScreen.storyboard in Resources */,
				FA99B50C290BE97D00E09440 /* test_data.json in Resources */,
				FAB7C8DA290ADA7A00969E11 /* Assets.xcassets in Resources */,
				FA99B511290C02BD00E09440 /* Description.storyboard in Resources */,
				FAB7C8D8290ADA7700969E11 /* Main.storyboard in Resources */,
			);
			runOnlyForDeploymentPostprocessing = 0;
		};
/* End PBXResourcesBuildPhase section */

/* Begin PBXSourcesBuildPhase section */
		FAB7C8C9290ADA7700969E11 /* Sources */ = {
			isa = PBXSourcesBuildPhase;
			buildActionMask = 2147483647;
			files = (
				FAB7C8F0290BD63700969E11 /* CustomUserDefaults.swift in Sources */,
				FAA5DEE12A4CB97D00CD5608 /* AudioRecorderService.swift in Sources */,
				FAB7C8D5290ADA7700969E11 /* ViewController.swift in Sources */,
				FA99B4F7290BE4C900E09440 /* QuadTree.swift in Sources */,
				FA99B4F8290BE4C900E09440 /* Extensions.swift in Sources */,
				FAB7C8F1290BD63700969E11 /* CustomUserDefaults+UserDefaultsKey.swift in Sources */,
				FA99B4FB290BE4C900E09440 /* Cluster.swift in Sources */,
				FAB7C8D1290ADA7700969E11 /* AppDelegate.swift in Sources */,
				FA99B4FA290BE4C900E09440 /* AnnotationView.swift in Sources */,
				FAB7C8EB290BD51000969E11 /* Lightning.swift in Sources */,
				FA99B4FC290BE4C900E09440 /* Annotation.swift in Sources */,
				FA99B50F290C025200E09440 /* DescriptionViewController.swift in Sources */,
				FAB7C8D3290ADA7700969E11 /* SceneDelegate.swift in Sources */,
			);
			runOnlyForDeploymentPostprocessing = 0;
		};
/* End PBXSourcesBuildPhase section */

/* Begin PBXVariantGroup section */
		FAB7C8D6290ADA7700969E11 /* Main.storyboard */ = {
			isa = PBXVariantGroup;
			children = (
				FAB7C8D7290ADA7700969E11 /* Base */,
			);
			name = Main.storyboard;
			sourceTree = "<group>";
		};
		FAB7C8DB290ADA7A00969E11 /* LaunchScreen.storyboard */ = {
			isa = PBXVariantGroup;
			children = (
				FAB7C8DC290ADA7A00969E11 /* Base */,
			);
			name = LaunchScreen.storyboard;
			sourceTree = "<group>";
		};
/* End PBXVariantGroup section */

/* Begin XCBuildConfiguration section */
		FAB7C8DF290ADA7A00969E11 /* Debug */ = {
			isa = XCBuildConfiguration;
			buildSettings = {
				ALWAYS_SEARCH_USER_PATHS = NO;
				CLANG_ANALYZER_NONNULL = YES;
				CLANG_ANALYZER_NUMBER_OBJECT_CONVERSION = YES_AGGRESSIVE;
				CLANG_CXX_LANGUAGE_STANDARD = "gnu++20";
				CLANG_ENABLE_MODULES = YES;
				CLANG_ENABLE_OBJC_ARC = YES;
				CLANG_ENABLE_OBJC_WEAK = YES;
				CLANG_WARN_BLOCK_CAPTURE_AUTORELEASING = YES;
				CLANG_WARN_BOOL_CONVERSION = YES;
				CLANG_WARN_COMMA = YES;
				CLANG_WARN_CONSTANT_CONVERSION = YES;
				CLANG_WARN_DEPRECATED_OBJC_IMPLEMENTATIONS = YES;
				CLANG_WARN_DIRECT_OBJC_ISA_USAGE = YES_ERROR;
				CLANG_WARN_DOCUMENTATION_COMMENTS = YES;
				CLANG_WARN_EMPTY_BODY = YES;
				CLANG_WARN_ENUM_CONVERSION = YES;
				CLANG_WARN_INFINITE_RECURSION = YES;
				CLANG_WARN_INT_CONVERSION = YES;
				CLANG_WARN_NON_LITERAL_NULL_CONVERSION = YES;
				CLANG_WARN_OBJC_IMPLICIT_RETAIN_SELF = YES;
				CLANG_WARN_OBJC_LITERAL_CONVERSION = YES;
				CLANG_WARN_OBJC_ROOT_CLASS = YES_ERROR;
				CLANG_WARN_QUOTED_INCLUDE_IN_FRAMEWORK_HEADER = YES;
				CLANG_WARN_RANGE_LOOP_ANALYSIS = YES;
				CLANG_WARN_STRICT_PROTOTYPES = YES;
				CLANG_WARN_SUSPICIOUS_MOVE = YES;
				CLANG_WARN_UNGUARDED_AVAILABILITY = YES_AGGRESSIVE;
				CLANG_WARN_UNREACHABLE_CODE = YES;
				CLANG_WARN__DUPLICATE_METHOD_MATCH = YES;
				COPY_PHASE_STRIP = NO;
				DEBUG_INFORMATION_FORMAT = dwarf;
				ENABLE_STRICT_OBJC_MSGSEND = YES;
				ENABLE_TESTABILITY = YES;
				GCC_C_LANGUAGE_STANDARD = gnu11;
				GCC_DYNAMIC_NO_PIC = NO;
				GCC_NO_COMMON_BLOCKS = YES;
				GCC_OPTIMIZATION_LEVEL = 0;
				GCC_PREPROCESSOR_DEFINITIONS = (
					"DEBUG=1",
					"$(inherited)",
				);
				GCC_WARN_64_TO_32_BIT_CONVERSION = YES;
				GCC_WARN_ABOUT_RETURN_TYPE = YES_ERROR;
				GCC_WARN_UNDECLARED_SELECTOR = YES;
				GCC_WARN_UNINITIALIZED_AUTOS = YES_AGGRESSIVE;
				GCC_WARN_UNUSED_FUNCTION = YES;
				GCC_WARN_UNUSED_VARIABLE = YES;
				IPHONEOS_DEPLOYMENT_TARGET = 16.0;
				MTL_ENABLE_DEBUG_INFO = INCLUDE_SOURCE;
				MTL_FAST_MATH = YES;
				ONLY_ACTIVE_ARCH = YES;
				SDKROOT = iphoneos;
				SWIFT_ACTIVE_COMPILATION_CONDITIONS = DEBUG;
				SWIFT_OPTIMIZATION_LEVEL = "-Onone";
			};
			name = Debug;
		};
		FAB7C8E0290ADA7A00969E11 /* Release */ = {
			isa = XCBuildConfiguration;
			buildSettings = {
				ALWAYS_SEARCH_USER_PATHS = NO;
				CLANG_ANALYZER_NONNULL = YES;
				CLANG_ANALYZER_NUMBER_OBJECT_CONVERSION = YES_AGGRESSIVE;
				CLANG_CXX_LANGUAGE_STANDARD = "gnu++20";
				CLANG_ENABLE_MODULES = YES;
				CLANG_ENABLE_OBJC_ARC = YES;
				CLANG_ENABLE_OBJC_WEAK = YES;
				CLANG_WARN_BLOCK_CAPTURE_AUTORELEASING = YES;
				CLANG_WARN_BOOL_CONVERSION = YES;
				CLANG_WARN_COMMA = YES;
				CLANG_WARN_CONSTANT_CONVERSION = YES;
				CLANG_WARN_DEPRECATED_OBJC_IMPLEMENTATIONS = YES;
				CLANG_WARN_DIRECT_OBJC_ISA_USAGE = YES_ERROR;
				CLANG_WARN_DOCUMENTATION_COMMENTS = YES;
				CLANG_WARN_EMPTY_BODY = YES;
				CLANG_WARN_ENUM_CONVERSION = YES;
				CLANG_WARN_INFINITE_RECURSION = YES;
				CLANG_WARN_INT_CONVERSION = YES;
				CLANG_WARN_NON_LITERAL_NULL_CONVERSION = YES;
				CLANG_WARN_OBJC_IMPLICIT_RETAIN_SELF = YES;
				CLANG_WARN_OBJC_LITERAL_CONVERSION = YES;
				CLANG_WARN_OBJC_ROOT_CLASS = YES_ERROR;
				CLANG_WARN_QUOTED_INCLUDE_IN_FRAMEWORK_HEADER = YES;
				CLANG_WARN_RANGE_LOOP_ANALYSIS = YES;
				CLANG_WARN_STRICT_PROTOTYPES = YES;
				CLANG_WARN_SUSPICIOUS_MOVE = YES;
				CLANG_WARN_UNGUARDED_AVAILABILITY = YES_AGGRESSIVE;
				CLANG_WARN_UNREACHABLE_CODE = YES;
				CLANG_WARN__DUPLICATE_METHOD_MATCH = YES;
				COPY_PHASE_STRIP = NO;
				DEBUG_INFORMATION_FORMAT = "dwarf-with-dsym";
				ENABLE_NS_ASSERTIONS = NO;
				ENABLE_STRICT_OBJC_MSGSEND = YES;
				GCC_C_LANGUAGE_STANDARD = gnu11;
				GCC_NO_COMMON_BLOCKS = YES;
				GCC_WARN_64_TO_32_BIT_CONVERSION = YES;
				GCC_WARN_ABOUT_RETURN_TYPE = YES_ERROR;
				GCC_WARN_UNDECLARED_SELECTOR = YES;
				GCC_WARN_UNINITIALIZED_AUTOS = YES_AGGRESSIVE;
				GCC_WARN_UNUSED_FUNCTION = YES;
				GCC_WARN_UNUSED_VARIABLE = YES;
				IPHONEOS_DEPLOYMENT_TARGET = 16.0;
				MTL_ENABLE_DEBUG_INFO = NO;
				MTL_FAST_MATH = YES;
				SDKROOT = iphoneos;
				SWIFT_COMPILATION_MODE = wholemodule;
				SWIFT_OPTIMIZATION_LEVEL = "-O";
				VALIDATE_PRODUCT = YES;
			};
			name = Release;
		};
		FAB7C8E2290ADA7A00969E11 /* Debug */ = {
			isa = XCBuildConfiguration;
			buildSettings = {
				ASSETCATALOG_COMPILER_APPICON_NAME = AppIcon;
				ASSETCATALOG_COMPILER_GLOBAL_ACCENT_COLOR_NAME = AccentColor;
				CODE_SIGN_STYLE = Automatic;
				CURRENT_PROJECT_VERSION = 1;
				DEVELOPMENT_TEAM = "";
				GENERATE_INFOPLIST_FILE = YES;
				INFOPLIST_FILE = FinalDEVChallenge2022/Info.plist;
				INFOPLIST_KEY_CFBundleDisplayName = DevChallenge;
				INFOPLIST_KEY_LSApplicationCategoryType = "";
				INFOPLIST_KEY_NSLocationAlwaysAndWhenInUseUsageDescription = "Program requires GPS to track your location";
				INFOPLIST_KEY_NSLocationAlwaysUsageDescription = "Program requires GPS to track your location";
				INFOPLIST_KEY_NSLocationWhenInUseUsageDescription = "Program requires GPS to track your location";
				INFOPLIST_KEY_NSMicrophoneUsageDescription = "always microphone use";
				INFOPLIST_KEY_UIApplicationSupportsIndirectInputEvents = YES;
				INFOPLIST_KEY_UILaunchStoryboardName = LaunchScreen;
				INFOPLIST_KEY_UIMainStoryboardFile = Main;
				INFOPLIST_KEY_UISupportedInterfaceOrientations = "UIInterfaceOrientationLandscapeLeft UIInterfaceOrientationLandscapeRight UIInterfaceOrientationPortrait UIInterfaceOrientationPortraitUpsideDown";
				IPHONEOS_DEPLOYMENT_TARGET = 15.0;
				LD_RUNPATH_SEARCH_PATHS = (
					"$(inherited)",
					"@executable_path/Frameworks",
				);
				MARKETING_VERSION = 1.0;
				PRODUCT_BUNDLE_IDENTIFIER = com.finaldevhallenge2022.app.FinalDEVChallenge2022;
				PRODUCT_NAME = "$(TARGET_NAME)";
				SWIFT_EMIT_LOC_STRINGS = YES;
				SWIFT_VERSION = 5.0;
				TARGETED_DEVICE_FAMILY = "1,2";
			};
			name = Debug;
		};
		FAB7C8E3290ADA7A00969E11 /* Release */ = {
			isa = XCBuildConfiguration;
			buildSettings = {
				ASSETCATALOG_COMPILER_APPICON_NAME = AppIcon;
				ASSETCATALOG_COMPILER_GLOBAL_ACCENT_COLOR_NAME = AccentColor;
				CODE_SIGN_STYLE = Automatic;
				CURRENT_PROJECT_VERSION = 1;
				DEVELOPMENT_TEAM = "";
				GENERATE_INFOPLIST_FILE = YES;
				INFOPLIST_FILE = FinalDEVChallenge2022/Info.plist;
				INFOPLIST_KEY_CFBundleDisplayName = DevChallenge;
				INFOPLIST_KEY_LSApplicationCategoryType = "";
				INFOPLIST_KEY_NSLocationAlwaysAndWhenInUseUsageDescription = "Program requires GPS to track your location";
				INFOPLIST_KEY_NSLocationAlwaysUsageDescription = "Program requires GPS to track your location";
				INFOPLIST_KEY_NSLocationWhenInUseUsageDescription = "Program requires GPS to track your location";
				INFOPLIST_KEY_NSMicrophoneUsageDescription = "always microphone use";
				INFOPLIST_KEY_UIApplicationSupportsIndirectInputEvents = YES;
				INFOPLIST_KEY_UILaunchStoryboardName = LaunchScreen;
				INFOPLIST_KEY_UIMainStoryboardFile = Main;
				INFOPLIST_KEY_UISupportedInterfaceOrientations = "UIInterfaceOrientationLandscapeLeft UIInterfaceOrientationLandscapeRight UIInterfaceOrientationPortrait UIInterfaceOrientationPortraitUpsideDown";
				IPHONEOS_DEPLOYMENT_TARGET = 15.0;
				LD_RUNPATH_SEARCH_PATHS = (
					"$(inherited)",
					"@executable_path/Frameworks",
				);
				MARKETING_VERSION = 1.0;
				PRODUCT_BUNDLE_IDENTIFIER = com.finaldevhallenge2022.finalDEVChallenge2022;
				PRODUCT_NAME = "$(TARGET_NAME)";
				SWIFT_EMIT_LOC_STRINGS = YES;
				SWIFT_VERSION = 5.0;
				TARGETED_DEVICE_FAMILY = "1,2";
			};
			name = Release;
		};
/* End XCBuildConfiguration section */

/* Begin XCConfigurationList section */
		FAB7C8C8290ADA7700969E11 /* Build configuration list for PBXProject "FinalDEVChallenge2022" */ = {
			isa = XCConfigurationList;
			buildConfigurations = (
				FAB7C8DF290ADA7A00969E11 /* Debug */,
				FAB7C8E0290ADA7A00969E11 /* Release */,
			);
			defaultConfigurationIsVisible = 0;
			defaultConfigurationName = Release;
		};
		FAB7C8E1290ADA7A00969E11 /* Build configuration list for PBXNativeTarget "FinalDEVChallenge2022" */ = {
			isa = XCConfigurationList;
			buildConfigurations = (
				FAB7C8E2290ADA7A00969E11 /* Debug */,
				FAB7C8E3290ADA7A00969E11 /* Release */,
			);
			defaultConfigurationIsVisible = 0;
			defaultConfigurationName = Release;
		};
/* End XCConfigurationList section */
	};
	rootObject = FAB7C8C5290ADA7700969E11 /* Project object */;
}
